
Microsoft Visual Studio Solution File, Format Version 12.00
# Visual Studio Version 17
VisualStudioVersion = 17.5.002.0
MinimumVisualStudioVersion = 10.0.40219.1
Project("{9A19103F-16F7-4668-BE54-9A1E7A4F7556}") = "Gaussian-Jordan-Method", "Gaussian-Jordan-Method.csproj", "{13A01BE2-EAAB-4945-99CB-76F478D6B5B0}"
EndProject
Global
	GlobalSection(SolutionConfigurationPlatforms) = preSolution
		Debug|Any CPU = Debug|Any CPU
		Release|Any CPU = Release|Any CPU
	EndGlobalSection
	GlobalSection(ProjectConfigurationPlatforms) = postSolution
		{13A01BE2-EAAB-4945-99CB-76F478D6B5B0}.Debug|Any CPU.ActiveCfg = Debug|Any CPU
		{13A01BE2-EAAB-4945-99CB-76F478D6B5B0}.Debug|Any CPU.Build.0 = Debug|Any CPU
		{13A01BE2-EAAB-4945-99CB-76F478D6B5B0}.Release|Any CPU.ActiveCfg = Release|Any CPU
		{13A01BE2-EAAB-4945-99CB-76F478D6B5B0}.Release|Any CPU.Build.0 = Release|Any CPU
	EndGlobalSection
	GlobalSection(SolutionProperties) = preSolution
		HideSolutionNode = FALSE
	EndGlobalSection
	GlobalSection(ExtensibilityGlobals) = postSolution
		SolutionGuid = {EB33A1F1-0AA3-4415-B3F8-A88C939A7DE2}
	EndGlobalSection
EndGlobal
